{
  "requires": true,
  "lockfileVersion": 1,
  "dependencies": {
    "dessert-jsonschema-core": {
      "version": "0.1.0",
      "resolved": "https://registry.npmjs.org/dessert-jsonschema-core/-/dessert-jsonschema-core-0.1.0.tgz",
      "integrity": "sha512-c09i/y+vHbINgvoZm1759o930/SveHfuDXHwLn6VgUoF2Gsnx2OrZ/e8TjEDwzEjBKh7v3wOF15ypA1lpq8TwQ=="
    }
  }
}
